<?xml version="1.0" encoding="utf-8"?>
<Project ToolsVersion="4.0" xmlns="http://schemas.microsoft.com/developer/msbuild/2003">
  <ItemGroup>
    <Filter Include="Source files">
      <UniqueIdentifier>{2c5d8319-5310-4972-b449-54f1fe570fe2}</UniqueIdentifier>
      <Extensions>cpp;c;cc;cxx;def;odl;idl;hpj;bat;asm;asmx</Extensions>
    </Filter>
    <Filter Include="Header files">
      <UniqueIdentifier>{4f275c80-be6e-4de3-a080-cbb58c383f19}</UniqueIdentifier>
      <Extensions>h;hpp;hxx;hm;inl;inc;xsd</Extensions>
    </Filter>
    <Filter Include="Resource files">
      <UniqueIdentifier>{091ca357-8a42-4fac-bc91-98d7efda3eaa}</UniqueIdentifier>
      <Extensions>rc;ico;cur;bmp;dlg;rc2;rct;bin;rgs;gif;jpg;jpeg;jpe;resx;tiff;tif;png;wav</Extensions>
    </Filter>
    <Filter Include="VisualGDB settings">
      <UniqueIdentifier>{3858c080-2c92-43b3-b37a-c7ab812867f2}</UniqueIdentifier>
      <Extensions>*.vgdbsettings</Extensions>
    </Filter>
    <Filter Include="Source files\Device-specific files">
      <UniqueIdentifier>{d4921539-db67-4114-b312-a41b760b7499}</UniqueIdentifier>
    </Filter>
    <Filter Include="Header files\Device-specific files">
      <UniqueIdentifier>{cb47748d-ce55-4aae-820f-1d44ef7ff111}</UniqueIdentifier>
    </Filter>
  </ItemGroup>
  <ItemGroup>
    <ClCompile Include="CommandLine\Commands\ICommand.cpp">
      <Filter>Source files</Filter>
    </ClCompile>
    <ClCompile Include="CommandLine\Commands\SetPort.cpp">
      <Filter>Source files</Filter>
    </ClCompile>
    <ClCompile Include="FreeRTOS\portable\CCS\ARM_CM4F\port.c">
      <Filter>Source files</Filter>
    </ClCompile>
    <ClCompile Include="FreeRTOS\portable\MemMang\heap_2.c">
      <Filter>Source files</Filter>
    </ClCompile>
    <ClCompile Include="FreeRTOS\croutine.c">
      <Filter>Source files</Filter>
    </ClCompile>
    <ClCompile Include="FreeRTOS\event_groups.c">
      <Filter>Source files</Filter>
    </ClCompile>
    <ClCompile Include="FreeRTOS\list.c">
      <Filter>Source files</Filter>
    </ClCompile>
    <ClCompile Include="FreeRTOS\queue.c">
      <Filter>Source files</Filter>
    </ClCompile>
    <ClCompile Include="FreeRTOS\tasks.c">
      <Filter>Source files</Filter>
    </ClCompile>
    <ClCompile Include="FreeRTOS\timers.c">
      <Filter>Source files</Filter>
    </ClCompile>
    <ClCompile Include="HardwareControl\GPIOPin.cpp">
      <Filter>Source files</Filter>
    </ClCompile>
    <ClCompile Include="SystemObjects\ExceptionHandler.cpp">
      <Filter>Source files</Filter>
    </ClCompile>
    <ClCompile Include="SystemObjects\HelperFunctions.cpp">
      <Filter>Source files</Filter>
    </ClCompile>
    <ClCompile Include="main.cpp">
      <Filter>Source files</Filter>
    </ClCompile>
    <ClCompile Include="HardwareControl\ITask.cpp">
      <Filter>Source files</Filter>
    </ClCompile>
    <ClCompile Include="FreeRTOS\Tasks\BlinkLEDTask.cpp">
      <Filter>Source files</Filter>
    </ClCompile>
    <ClCompile Include="HardwareControl\UIOStream.cpp">
      <Filter>Source files</Filter>
    </ClCompile>
    <ClCompile Include="SystemObjects\RTOSMutex.cpp">
      <Filter>Source files</Filter>
    </ClCompile>
    <ClCompile Include="FreeRTOS\Tasks\CLIInterpreterTask.cpp">
      <Filter>Source files</Filter>
    </ClCompile>
    <ClCompile Include="BSP\SystemInit\SystemInit.c">
      <Filter>Source files\Device-specific files</Filter>
    </ClCompile>
    <ClCompile Include="BSP\SDK\driverlib\adc.c">
      <Filter>Source files\Device-specific files</Filter>
    </ClCompile>
    <ClCompile Include="BSP\SDK\driverlib\aes.c">
      <Filter>Source files\Device-specific files</Filter>
    </ClCompile>
    <ClCompile Include="BSP\SDK\driverlib\can.c">
      <Filter>Source files\Device-specific files</Filter>
    </ClCompile>
    <ClCompile Include="BSP\SDK\driverlib\comp.c">
      <Filter>Source files\Device-specific files</Filter>
    </ClCompile>
    <ClCompile Include="BSP\SDK\driverlib\cpu.c">
      <Filter>Source files\Device-specific files</Filter>
    </ClCompile>
    <ClCompile Include="BSP\SDK\driverlib\crc.c">
      <Filter>Source files\Device-specific files</Filter>
    </ClCompile>
    <ClCompile Include="BSP\SDK\driverlib\des.c">
      <Filter>Source files\Device-specific files</Filter>
    </ClCompile>
    <ClCompile Include="BSP\SDK\driverlib\eeprom.c">
      <Filter>Source files\Device-specific files</Filter>
    </ClCompile>
    <ClCompile Include="BSP\SDK\driverlib\emac.c">
      <Filter>Source files\Device-specific files</Filter>
    </ClCompile>
    <ClCompile Include="BSP\SDK\driverlib\epi.c">
      <Filter>Source files\Device-specific files</Filter>
    </ClCompile>
    <ClCompile Include="BSP\SDK\driverlib\flash.c">
      <Filter>Source files\Device-specific files</Filter>
    </ClCompile>
    <ClCompile Include="BSP\SDK\driverlib\fpu.c">
      <Filter>Source files\Device-specific files</Filter>
    </ClCompile>
    <ClCompile Include="BSP\SDK\driverlib\gpio.c">
      <Filter>Source files\Device-specific files</Filter>
    </ClCompile>
    <ClCompile Include="BSP\SDK\driverlib\hibernate.c">
      <Filter>Source files\Device-specific files</Filter>
    </ClCompile>
    <ClCompile Include="BSP\SDK\driverlib\i2c.c">
      <Filter>Source files\Device-specific files</Filter>
    </ClCompile>
    <ClCompile Include="BSP\SDK\driverlib\interrupt.c">
      <Filter>Source files\Device-specific files</Filter>
    </ClCompile>
    <ClCompile Include="BSP\SDK\driverlib\lcd.c">
      <Filter>Source files\Device-specific files</Filter>
    </ClCompile>
    <ClCompile Include="BSP\SDK\driverlib\mpu.c">
      <Filter>Source files\Device-specific files</Filter>
    </ClCompile>
    <ClCompile Include="BSP\SDK\driverlib\pwm.c">
      <Filter>Source files\Device-specific files</Filter>
    </ClCompile>
    <ClCompile Include="BSP\SDK\driverlib\qei.c">
      <Filter>Source files\Device-specific files</Filter>
    </ClCompile>
    <ClCompile Include="BSP\SDK\driverlib\shamd5.c">
      <Filter>Source files\Device-specific files</Filter>
    </ClCompile>
    <ClCompile Include="BSP\SDK\driverlib\ssi.c">
      <Filter>Source files\Device-specific files</Filter>
    </ClCompile>
    <ClCompile Include="BSP\SDK\driverlib\sw_crc.c">
      <Filter>Source files\Device-specific files</Filter>
    </ClCompile>
    <ClCompile Include="BSP\SDK\driverlib\sysctl.c">
      <Filter>Source files\Device-specific files</Filter>
    </ClCompile>
    <ClCompile Include="BSP\SDK\driverlib\sysexc.c">
      <Filter>Source files\Device-specific files</Filter>
    </ClCompile>
    <ClCompile Include="BSP\SDK\driverlib\systick.c">
      <Filter>Source files\Device-specific files</Filter>
    </ClCompile>
    <ClCompile Include="BSP\SDK\driverlib\timer.c">
      <Filter>Source files\Device-specific files</Filter>
    </ClCompile>
    <ClCompile Include="BSP\SDK\driverlib\uart.c">
      <Filter>Source files\Device-specific files</Filter>
    </ClCompile>
    <ClCompile Include="BSP\SDK\driverlib\udma.c">
      <Filter>Source files\Device-specific files</Filter>
    </ClCompile>
    <ClCompile Include="BSP\SDK\driverlib\usb.c">
      <Filter>Source files\Device-specific files</Filter>
    </ClCompile>
    <ClCompile Include="BSP\SDK\driverlib\watchdog.c">
      <Filter>Source files\Device-specific files</Filter>
    </ClCompile>
    <ClCompile Include="BSP\TM4C129\StartupFiles\startup_gcc.c">
      <Filter>Source files\Device-specific files</Filter>
    </ClCompile>
    <ClCompile Include="..\..\..\..\ti\TivaWare_C_Series-2.1.4.178\utils\uartstdio.c">
      <Filter>Source files\Device-specific files</Filter>
    </ClCompile>
  </ItemGroup>
  <ItemGroup>
    <None Include="MISL1000BaseTFirmware-Debug.vgdbsettings">
      <Filter>VisualGDB settings</Filter>
    </None>
    <None Include="MISL1000BaseTFirmware-Release.vgdbsettings">
      <Filter>VisualGDB settings</Filter>
    </None>
    <None Include="tiva.props">
      <Filter>Source files\Device-specific files</Filter>
    </None>
  </ItemGroup>
  <ItemGroup>
    <ClInclude Include="CommandLine\Commands\ICommand.h">
      <Filter>Header files</Filter>
    </ClInclude>
    <ClInclude Include="CommandLine\Commands\SetPort.h">
      <Filter>Header files</Filter>
    </ClInclude>
    <ClInclude Include="FreeRTOS\include\croutine.h">
      <Filter>Header files</Filter>
    </ClInclude>
    <ClInclude Include="FreeRTOS\include\deprecated_definitions.h">
      <Filter>Header files</Filter>
    </ClInclude>
    <ClInclude Include="FreeRTOS\include\event_groups.h">
      <Filter>Header files</Filter>
    </ClInclude>
    <ClInclude Include="FreeRTOS\include\FreeRTOS.h">
      <Filter>Header files</Filter>
    </ClInclude>
    <ClInclude Include="FreeRTOS\include\list.h">
      <Filter>Header files</Filter>
    </ClInclude>
    <ClInclude Include="FreeRTOS\include\mpu_wrappers.h">
      <Filter>Header files</Filter>
    </ClInclude>
    <ClInclude Include="FreeRTOS\include\portable.h">
      <Filter>Header files</Filter>
    </ClInclude>
    <ClInclude Include="FreeRTOS\include\projdefs.h">
      <Filter>Header files</Filter>
    </ClInclude>
    <ClInclude Include="FreeRTOS\include\queue.h">
      <Filter>Header files</Filter>
    </ClInclude>
    <ClInclude Include="FreeRTOS\include\semphr.h">
      <Filter>Header files</Filter>
    </ClInclude>
    <ClInclude Include="FreeRTOS\include\StackMacros.h">
      <Filter>Header files</Filter>
    </ClInclude>
    <ClInclude Include="FreeRTOS\include\task.h">
      <Filter>Header files</Filter>
    </ClInclude>
    <ClInclude Include="FreeRTOS\include\timers.h">
      <Filter>Header files</Filter>
    </ClInclude>
    <ClInclude Include="FreeRTOS\portable\CCS\ARM_CM4F\portmacro.h">
      <Filter>Header files</Filter>
    </ClInclude>
    <ClInclude Include="HardwareControl\GPIOPin.h">
      <Filter>Header files</Filter>
    </ClInclude>
    <ClInclude Include="SystemObjects\ExceptionHandler.h">
      <Filter>Header files</Filter>
    </ClInclude>
    <ClInclude Include="SystemObjects\HelperFunctions.h">
      <Filter>Header files</Filter>
    </ClInclude>
    <ClInclude Include="SystemObjects\SystemVariables.h">
      <Filter>Header files</Filter>
    </ClInclude>
    <ClInclude Include="FreeRTOSConfig.h">
      <Filter>Header files</Filter>
    </ClInclude>
    <ClInclude Include="main.h">
      <Filter>Header files</Filter>
    </ClInclude>
    <ClInclude Include="BSP\SDK\inc\asmdefs.h">
      <Filter>Header files\Device-specific files</Filter>
    </ClInclude>
    <ClInclude Include="BSP\SDK\inc\hw_adc.h">
      <Filter>Header files\Device-specific files</Filter>
    </ClInclude>
    <ClInclude Include="BSP\SDK\inc\hw_aes.h">
      <Filter>Header files\Device-specific files</Filter>
    </ClInclude>
    <ClInclude Include="BSP\SDK\inc\hw_can.h">
      <Filter>Header files\Device-specific files</Filter>
    </ClInclude>
    <ClInclude Include="BSP\SDK\inc\hw_ccm.h">
      <Filter>Header files\Device-specific files</Filter>
    </ClInclude>
    <ClInclude Include="BSP\SDK\inc\hw_comp.h">
      <Filter>Header files\Device-specific files</Filter>
    </ClInclude>
    <ClInclude Include="BSP\SDK\inc\hw_des.h">
      <Filter>Header files\Device-specific files</Filter>
    </ClInclude>
    <ClInclude Include="BSP\SDK\inc\hw_eeprom.h">
      <Filter>Header files\Device-specific files</Filter>
    </ClInclude>
    <ClInclude Include="BSP\SDK\inc\hw_emac.h">
      <Filter>Header files\Device-specific files</Filter>
    </ClInclude>
    <ClInclude Include="BSP\SDK\inc\hw_epi.h">
      <Filter>Header files\Device-specific files</Filter>
    </ClInclude>
    <ClInclude Include="BSP\SDK\inc\hw_fan.h">
      <Filter>Header files\Device-specific files</Filter>
    </ClInclude>
    <ClInclude Include="BSP\SDK\inc\hw_flash.h">
      <Filter>Header files\Device-specific files</Filter>
    </ClInclude>
    <ClInclude Include="BSP\SDK\inc\hw_gpio.h">
      <Filter>Header files\Device-specific files</Filter>
    </ClInclude>
    <ClInclude Include="BSP\SDK\inc\hw_hibernate.h">
      <Filter>Header files\Device-specific files</Filter>
    </ClInclude>
    <ClInclude Include="BSP\SDK\inc\hw_i2c.h">
      <Filter>Header files\Device-specific files</Filter>
    </ClInclude>
    <ClInclude Include="BSP\SDK\inc\hw_ints.h">
      <Filter>Header files\Device-specific files</Filter>
    </ClInclude>
    <ClInclude Include="BSP\SDK\inc\hw_lcd.h">
      <Filter>Header files\Device-specific files</Filter>
    </ClInclude>
    <ClInclude Include="BSP\SDK\inc\hw_memmap.h">
      <Filter>Header files\Device-specific files</Filter>
    </ClInclude>
    <ClInclude Include="BSP\SDK\inc\hw_nvic.h">
      <Filter>Header files\Device-specific files</Filter>
    </ClInclude>
    <ClInclude Include="BSP\SDK\inc\hw_onewire.h">
      <Filter>Header files\Device-specific files</Filter>
    </ClInclude>
    <ClInclude Include="BSP\SDK\inc\hw_pwm.h">
      <Filter>Header files\Device-specific files</Filter>
    </ClInclude>
    <ClInclude Include="BSP\SDK\inc\hw_qei.h">
      <Filter>Header files\Device-specific files</Filter>
    </ClInclude>
    <ClInclude Include="BSP\SDK\inc\hw_shamd5.h">
      <Filter>Header files\Device-specific files</Filter>
    </ClInclude>
    <ClInclude Include="BSP\SDK\inc\hw_ssi.h">
      <Filter>Header files\Device-specific files</Filter>
    </ClInclude>
    <ClInclude Include="BSP\SDK\inc\hw_sysctl.h">
      <Filter>Header files\Device-specific files</Filter>
    </ClInclude>
    <ClInclude Include="BSP\SDK\inc\hw_sysexc.h">
      <Filter>Header files\Device-specific files</Filter>
    </ClInclude>
    <ClInclude Include="BSP\SDK\inc\hw_timer.h">
      <Filter>Header files\Device-specific files</Filter>
    </ClInclude>
    <ClInclude Include="BSP\SDK\inc\hw_types.h">
      <Filter>Header files\Device-specific files</Filter>
    </ClInclude>
    <ClInclude Include="BSP\SDK\inc\hw_uart.h">
      <Filter>Header files\Device-specific files</Filter>
    </ClInclude>
    <ClInclude Include="BSP\SDK\inc\hw_udma.h">
      <Filter>Header files\Device-specific files</Filter>
    </ClInclude>
    <ClInclude Include="BSP\SDK\inc\hw_usb.h">
      <Filter>Header files\Device-specific files</Filter>
    </ClInclude>
    <ClInclude Include="BSP\SDK\inc\hw_watchdog.h">
      <Filter>Header files\Device-specific files</Filter>
    </ClInclude>
    <ClInclude Include="BSP\SDK\driverlib\adc.h">
      <Filter>Header files\Device-specific files</Filter>
    </ClInclude>
    <ClInclude Include="BSP\SDK\driverlib\aes.h">
      <Filter>Header files\Device-specific files</Filter>
    </ClInclude>
    <ClInclude Include="BSP\SDK\driverlib\can.h">
      <Filter>Header files\Device-specific files</Filter>
    </ClInclude>
    <ClInclude Include="BSP\SDK\driverlib\comp.h">
      <Filter>Header files\Device-specific files</Filter>
    </ClInclude>
    <ClInclude Include="BSP\SDK\driverlib\cpu.h">
      <Filter>Header files\Device-specific files</Filter>
    </ClInclude>
    <ClInclude Include="BSP\SDK\driverlib\crc.h">
      <Filter>Header files\Device-specific files</Filter>
    </ClInclude>
    <ClInclude Include="BSP\SDK\driverlib\debug.h">
      <Filter>Header files\Device-specific files</Filter>
    </ClInclude>
    <ClInclude Include="BSP\SDK\driverlib\des.h">
      <Filter>Header files\Device-specific files</Filter>
    </ClInclude>
    <ClInclude Include="BSP\SDK\driverlib\eeprom.h">
      <Filter>Header files\Device-specific files</Filter>
    </ClInclude>
    <ClInclude Include="BSP\SDK\driverlib\emac.h">
      <Filter>Header files\Device-specific files</Filter>
    </ClInclude>
    <ClInclude Include="BSP\SDK\driverlib\epi.h">
      <Filter>Header files\Device-specific files</Filter>
    </ClInclude>
    <ClInclude Include="BSP\SDK\driverlib\flash.h">
      <Filter>Header files\Device-specific files</Filter>
    </ClInclude>
    <ClInclude Include="BSP\SDK\driverlib\fpu.h">
      <Filter>Header files\Device-specific files</Filter>
    </ClInclude>
    <ClInclude Include="BSP\SDK\driverlib\gpio.h">
      <Filter>Header files\Device-specific files</Filter>
    </ClInclude>
    <ClInclude Include="BSP\SDK\driverlib\hibernate.h">
      <Filter>Header files\Device-specific files</Filter>
    </ClInclude>
    <ClInclude Include="BSP\SDK\driverlib\i2c.h">
      <Filter>Header files\Device-specific files</Filter>
    </ClInclude>
    <ClInclude Include="BSP\SDK\driverlib\interrupt.h">
      <Filter>Header files\Device-specific files</Filter>
    </ClInclude>
    <ClInclude Include="BSP\SDK\driverlib\lcd.h">
      <Filter>Header files\Device-specific files</Filter>
    </ClInclude>
    <ClInclude Include="BSP\SDK\driverlib\mpu.h">
      <Filter>Header files\Device-specific files</Filter>
    </ClInclude>
    <ClInclude Include="BSP\SDK\driverlib\onewire.h">
      <Filter>Header files\Device-specific files</Filter>
    </ClInclude>
    <ClInclude Include="BSP\SDK\driverlib\pin_map.h">
      <Filter>Header files\Device-specific files</Filter>
    </ClInclude>
    <ClInclude Include="BSP\SDK\driverlib\pwm.h">
      <Filter>Header files\Device-specific files</Filter>
    </ClInclude>
    <ClInclude Include="BSP\SDK\driverlib\qei.h">
      <Filter>Header files\Device-specific files</Filter>
    </ClInclude>
    <ClInclude Include="BSP\SDK\driverlib\rom.h">
      <Filter>Header files\Device-specific files</Filter>
    </ClInclude>
    <ClInclude Include="BSP\SDK\driverlib\rom_map.h">
      <Filter>Header files\Device-specific files</Filter>
    </ClInclude>
    <ClInclude Include="BSP\SDK\driverlib\rtos_bindings.h">
      <Filter>Header files\Device-specific files</Filter>
    </ClInclude>
    <ClInclude Include="BSP\SDK\driverlib\shamd5.h">
      <Filter>Header files\Device-specific files</Filter>
    </ClInclude>
    <ClInclude Include="BSP\SDK\driverlib\ssi.h">
      <Filter>Header files\Device-specific files</Filter>
    </ClInclude>
    <ClInclude Include="BSP\SDK\driverlib\sw_crc.h">
      <Filter>Header files\Device-specific files</Filter>
    </ClInclude>
    <ClInclude Include="BSP\SDK\driverlib\sysctl.h">
      <Filter>Header files\Device-specific files</Filter>
    </ClInclude>
    <ClInclude Include="BSP\SDK\driverlib\sysexc.h">
      <Filter>Header files\Device-specific files</Filter>
    </ClInclude>
    <ClInclude Include="BSP\SDK\driverlib\systick.h">
      <Filter>Header files\Device-specific files</Filter>
    </ClInclude>
    <ClInclude Include="BSP\SDK\driverlib\timer.h">
      <Filter>Header files\Device-specific files</Filter>
    </ClInclude>
    <ClInclude Include="BSP\SDK\driverlib\uart.h">
      <Filter>Header files\Device-specific files</Filter>
    </ClInclude>
    <ClInclude Include="BSP\SDK\driverlib\udma.h">
      <Filter>Header files\Device-specific files</Filter>
    </ClInclude>
    <ClInclude Include="BSP\SDK\driverlib\usb.h">
      <Filter>Header files\Device-specific files</Filter>
    </ClInclude>
    <ClInclude Include="BSP\SDK\driverlib\watchdog.h">
      <Filter>Header files\Device-specific files</Filter>
    </ClInclude>
    <ClInclude Include="HardwareControl\ITask.h">
      <Filter>Header files</Filter>
    </ClInclude>
    <ClInclude Include="FreeRTOS\Tasks\BlinkLEDTask.h">
      <Filter>Header files</Filter>
    </ClInclude>
    <ClInclude Include="HardwareControl\UIOStream.h">
      <Filter>Header files</Filter>
    </ClInclude>
    <ClInclude Include="SystemObjects\RTOSMutex.h">
      <Filter>Header files</Filter>
    </ClInclude>
    <ClInclude Include="FreeRTOS\Tasks\CLIInterpreterTask.h">
      <Filter>Header files</Filter>
    </ClInclude>
  </ItemGroup>
  <ItemGroup>
    <Xml Include="tiva.xml">
      <Filter>VisualGDB settings</Filter>
    </Xml>
  </ItemGroup>
  <ItemGroup>
    <LinkerScript Include="TM4C1294NCPDT_flash.lds">
      <Filter>Source files</Filter>
    </LinkerScript>
  </ItemGroup>
</Project>